
Microsoft Visual Studio Solution File, Format Version 12.00
# Visual Studio Version 16
VisualStudioVersion = 16.0.29806.167
MinimumVisualStudioVersion = 10.0.40219.1
Project("{FAE04EC0-301F-11D3-BF4B-00C04F79EFBC}") = "ContosoCrafts.WebSite", "ContosoCrafts.WebSite\ContosoCrafts.WebSite.csproj", "{BB099E09-2C5F-41E3-9334-6BEB6A91BEE3}"
EndProject
Global
	GlobalSection(SolutionConfigurationPlatforms) = preSolution
		Debug|Any CPU = Debug|Any CPU
		Release|Any CPU = Release|Any CPU
	EndGlobalSection
	GlobalSection(ProjectConfigurationPlatforms) = postSolution
		{BB099E09-2C5F-41E3-9334-6BEB6A91BEE3}.Debug|Any CPU.ActiveCfg = Debug|Any CPU
		{BB099E09-2C5F-41E3-9334-6BEB6A91BEE3}.Debug|Any CPU.Build.0 = Debug|Any CPU
		{BB099E09-2C5F-41E3-9334-6BEB6A91BEE3}.Release|Any CPU.ActiveCfg = Release|Any CPU
		{BB099E09-2C5F-41E3-9334-6BEB6A91BEE3}.Release|Any CPU.Build.0 = Release|Any CPU
	EndGlobalSection
	GlobalSection(SolutionProperties) = preSolution
		HideSolutionNode = FALSE
	EndGlobalSection
	GlobalSection(ExtensibilityGlobals) = postSolution
		SolutionGuid = {DC971034-7BA2-4323-9AD4-27AF33BBA338}
	EndGlobalSection
EndGlobal
